// !$*UTF8*$!
{
	archiveVersion = 1;
	classes = {
	};
	objectVersion = 56;
	objects = {

/* Begin PBXBuildFile section */
		100000000000000000000001 /* LlamaBridge.mm in Sources */ = {isa = PBXBuildFile; fileRef = 100000000000000000000002 /* LlamaBridge.mm */; };
		100000000000000000000003 /* LlamaPrototypeApp.swift in Sources */ = {isa = PBXBuildFile; fileRef = 100000000000000000000004 /* LlamaPrototypeApp.swift */; };
		100000000000000000000005 /* ContentView.swift in Sources */ = {isa = PBXBuildFile; fileRef = 100000000000000000000006 /* ContentView.swift */; };
/* End PBXBuildFile section */

/* Begin PBXFileReference section */
		100000000000000000000002 /* LlamaBridge.mm */ = {isa = PBXFileReference; lastKnownFileType = sourcecode.cpp.objcpp; path = LlamaBridge.mm; sourceTree = "<group>"; };
		100000000000000000000007 /* LlamaBridge.h */ = {isa = PBXFileReference; lastKnownFileType = sourcecode.c.h; path = LlamaBridge.h; sourceTree = "<group>"; };
		100000000000000000000004 /* LlamaPrototypeApp.swift */ = {isa = PBXFileReference; lastKnownFileType = sourcecode.swift; path = LlamaPrototypeApp.swift; sourceTree = "<group>"; };
		100000000000000000000006 /* ContentView.swift */ = {isa = PBXFileReference; lastKnownFileType = sourcecode.swift; path = ContentView.swift; sourceTree = "<group>"; };
		100000000000000000000008 /* LlamaPrototype.app */ = {isa = PBXFileReference; explicitFileType = wrapper.application; includeInIndex = 0; path = LlamaPrototype.app; sourceTree = BUILT_PRODUCTS_DIR; };
		100000000000000000000009 /* llama.xcframework */ = {isa = PBXFileReference; lastKnownFileType = wrapper.xcframework; name = llama.xcframework; path = Frameworks/llama.xcframework; sourceTree = "<group>"; };
/* End PBXFileReference section */

/* Begin PBXFrameworksBuildPhase section */
		10000000000000000000000A /* Frameworks */ = {
			isa = PBXFrameworksBuildPhase;
			buildActionMask = 2147483647;
			files = (

			);
			runOnlyForDeploymentPostprocessing = 0;
		};
/* End PBXFrameworksBuildPhase section */

/* Begin PBXGroup section */
		10000000000000000000000C = {
			isa = PBXGroup;
			children = (
				10000000000000000000000D /* llama-bridge */,
				10000000000000000000000E /* llama-prototype */,
				10000000000000000000000F /* Frameworks */,
				100000000000000000000010 /* Products */,
			);
			sourceTree = "<group>";
		};
		10000000000000000000000D /* llama-bridge */ = {
			isa = PBXGroup;
			children = (
				100000000000000000000002 /* LlamaBridge.mm */,
				100000000000000000000007 /* LlamaBridge.h */,
			);
			path = llama-bridge;
			sourceTree = "<group>";
		};
		10000000000000000000000E /* llama-prototype */ = {
			isa = PBXGroup;
			children = (
				100000000000000000000004 /* LlamaPrototypeApp.swift */,
				100000000000000000000006 /* ContentView.swift */,
			);
			path = llama-prototype;
			sourceTree = "<group>";
		};
		10000000000000000000000F /* Frameworks */ = {
			isa = PBXGroup;
			children = (
				100000000000000000000009 /* llama.xcframework */,
			);
			name = Frameworks;
			sourceTree = "<group>";
		};
		100000000000000000000010 /* Products */ = {
			isa = PBXGroup;
			children = (
				100000000000000000000008 /* LlamaPrototype.app */,
			);
			name = Products;
			sourceTree = "<group>";
		};
/* End PBXGroup section */

/* Begin PBXNativeTarget section */
		100000000000000000000011 /* LlamaPrototype */ = {
			isa = PBXNativeTarget;
			buildConfigurationList = 100000000000000000000012 /* Build configuration list for PBXNativeTarget "LlamaPrototype" */;
			buildPhases = (
				100000000000000000000013 /* Sources */,
				10000000000000000000000A /* Frameworks */,
				100000000000000000000014 /* Resources */,
			);
			buildRules = (
			);
			dependencies = (
			);
			name = LlamaPrototype;
			productName = LlamaPrototype;
			productReference = 100000000000000000000008 /* LlamaPrototype.app */;
			productType = "com.apple.product-type.application";
		};
/* End PBXNativeTarget section */

/* Begin PBXProject section */
		100000000000000000000015 /* Project object */ = {
			isa = PBXProject;
			attributes = {
				BuildIndependentTargetsInParallel = 1;
				LastSwiftUpdateCheck = 1500;
				LastUpgradeCheck = 1500;
				TargetAttributes = {
					100000000000000000000011 = {
						CreatedOnToolsVersion = 15.0;
					};
				};
			};
			buildConfigurationList = 100000000000000000000016 /* Build configuration list for PBXProject "LlamaPrototype" */;
			compatibilityVersion = "Xcode 14.0";
			developmentRegion = en;
			hasScannedForEncodings = 0;
			knownRegions = (
				en,
				Base,
			);
			mainGroup = 10000000000000000000000C;
			productRefGroup = 100000000000000000000010 /* Products */;
			projectDirPath = "";
			projectRoot = "";
			targets = (
				100000000000000000000011 /* LlamaPrototype */,
			);
		};
/* End PBXProject section */

/* Begin PBXResourcesBuildPhase section */
		100000000000000000000014 /* Resources */ = {
			isa = PBXResourcesBuildPhase;
			buildActionMask = 2147483647;
			files = (
			);
			runOnlyForDeploymentPostprocessing = 0;
		};
/* End PBXResourcesBuildPhase section */

/* Begin PBXSourcesBuildPhase section */
		100000000000000000000013 /* Sources */ = {
			isa = PBXSourcesBuildPhase;
			buildActionMask = 2147483647;
			files = (
				100000000000000000000001 /* LlamaBridge.mm in Sources */,
				100000000000000000000003 /* LlamaPrototypeApp.swift in Sources */,
				100000000000000000000005 /* ContentView.swift in Sources */,
			);
			runOnlyForDeploymentPostprocessing = 0;
		};
/* End PBXSourcesBuildPhase section */

/* Begin XCBuildConfiguration section */
		100000000000000000000017 /* Debug */ = {
			isa = XCBuildConfiguration;
			buildSettings = {
				ALWAYS_SEARCH_USER_PATHS = NO;
				CLANG_ANALYZER_NONNULL = YES;
				CLANG_CXX_LANGUAGE_STANDARD = "c++17";
				CLANG_CXX_LIBRARY = "libc++";
				CLANG_ENABLE_MODULES = YES;
				CLANG_ENABLE_OBJC_ARC = YES;
				CODE_SIGNING_ALLOWED = NO;
				CODE_SIGNING_REQUIRED = NO;
				CODE_SIGN_IDENTITY = "";
				DEBUG_INFORMATION_FORMAT = dwarf;
				ENABLE_STRICT_OBJC_MSGSEND = YES;
				ENABLE_TESTABILITY = YES;
				FRAMEWORK_SEARCH_PATHS = (
					"$(inherited)",
					"$(SRCROOT)/Frameworks",
				);
				HEADER_SEARCH_PATHS = (
					"$(inherited)",
					"$(SRCROOT)/Frameworks/llama.xcframework/ios-arm64/llama.framework/Headers",
				);
				GCC_C_LANGUAGE_STANDARD = gnu11;
				GCC_NO_COMMON_BLOCKS = YES;
				GCC_OPTIMIZATION_LEVEL = 0;
				GCC_PREPROCESSOR_DEFINITIONS = (
					"DEBUG=1",
					"$(inherited)",
				);
				IPHONEOS_DEPLOYMENT_TARGET = 17.0;
				MTL_ENABLE_DEBUG_INFO = INCLUDE_SOURCE;
				MTL_FAST_MATH = YES;
				ONLY_ACTIVE_ARCH = YES;
				OTHER_LDFLAGS = (
					"$(inherited)",
					"-framework",
					"llama",
				);
				PRODUCT_BUNDLE_IDENTIFIER = com.minis.llamaprototype;
				PRODUCT_NAME = "$(TARGET_NAME)";
				SDKROOT = iphoneos;
				SWIFT_ACTIVE_COMPILATION_CONDITIONS = DEBUG;
				SWIFT_OPTIMIZATION_LEVEL = "-Onone";
				SWIFT_OBJC_BRIDGING_HEADER = "llama-prototype/LlamaPrototype-Bridging-Header.h";
				SWIFT_VERSION = 5.9;
				TARGETED_DEVICE_FAMILY = 1;
			};
			name = Debug;
		};
		100000000000000000000018 /* Release */ = {
			isa = XCBuildConfiguration;
			buildSettings = {
				ALWAYS_SEARCH_USER_PATHS = NO;
				CLANG_ANALYZER_NONNULL = YES;
				CLANG_CXX_LANGUAGE_STANDARD = "c++17";
				CLANG_CXX_LIBRARY = "libc++";
				CLANG_ENABLE_MODULES = YES;
				CLANG_ENABLE_OBJC_ARC = YES;
				CODE_SIGNING_ALLOWED = NO;
				CODE_SIGNING_REQUIRED = NO;
				CODE_SIGN_IDENTITY = "";
				DEBUG_INFORMATION_FORMAT = "dwarf-with-dsym";
				ENABLE_NS_ASSERTIONS = NO;
				ENABLE_STRICT_OBJC_MSGSEND = YES;
				FRAMEWORK_SEARCH_PATHS = (
					"$(inherited)",
					"$(SRCROOT)/Frameworks",
				);
				HEADER_SEARCH_PATHS = (
					"$(inherited)",
					"$(SRCROOT)/Frameworks/llama.xcframework/ios-arm64/llama.framework/Headers",
				);
				GCC_C_LANGUAGE_STANDARD = gnu11;
				GCC_NO_COMMON_BLOCKS = YES;
				IPHONEOS_DEPLOYMENT_TARGET = 17.0;
				MTL_ENABLE_DEBUG_INFO = NO;
				MTL_FAST_MATH = YES;
				OTHER_LDFLAGS = (
					"$(inherited)",
					"-framework",
					"llama",
				);
				PRODUCT_BUNDLE_IDENTIFIER = com.minis.llamaprototype;
				PRODUCT_NAME = "$(TARGET_NAME)";
				SDKROOT = iphoneos;
				SWIFT_COMPILATION_MODE = wholemodule;
				SWIFT_OPTIMIZATION_LEVEL = "-O";
				SWIFT_OBJC_BRIDGING_HEADER = "llama-prototype/LlamaPrototype-Bridging-Header.h";
				SWIFT_VERSION = 5.9;
				TARGETED_DEVICE_FAMILY = 1;
				VALIDATE_PRODUCT = YES;
			};
			name = Release;
		};
/* End XCBuildConfiguration section */

/* Begin XCConfigurationList section */
		100000000000000000000016 /* Build configuration list for PBXProject "LlamaPrototype" */ = {
			isa = XCConfigurationList;
			buildConfigurations = (
				100000000000000000000017 /* Debug */,
				100000000000000000000018 /* Release */,
			);
			defaultConfigurationIsVisible = 0;
			defaultConfigurationName = Release;
		};
		100000000000000000000012 /* Build configuration list for PBXNativeTarget "LlamaPrototype" */ = {
			isa = XCConfigurationList;
			buildConfigurations = (
				100000000000000000000017 /* Debug */,
				100000000000000000000018 /* Release */,
			);
			defaultConfigurationIsVisible = 0;
			defaultConfigurationName = Release;
		};
/* End XCConfigurationList section */
	};
	rootObject = 100000000000000000000015 /* Project object */;
}
